
Microsoft Visual Studio Solution File, Format Version 12.00
# Visual Studio 14
VisualStudioVersion = 14.0.25420.1
MinimumVisualStudioVersion = 10.0.40219.1
Project("{FAE04EC0-301F-11D3-BF4B-00C04F79EFBC}") = "Portal", "Portal\Portal.csproj", "{59BF9E47-E080-4B3D-9CCA-B424A67CEC87}"
EndProject
Project("{FAE04EC0-301F-11D3-BF4B-00C04F79EFBC}") = "Portal.DAL", "Portal.DAL\Portal.DAL.csproj", "{8E7D26A8-C628-40B3-B7F6-2788242B3BD3}"
EndProject
Project("{FAE04EC0-301F-11D3-BF4B-00C04F79EFBC}") = "Portal.Common", "Portal.Common\Portal.Common.csproj", "{7E75E996-DDDE-4F91-9DB3-60A4B683E994}"
EndProject
Project("{FAE04EC0-301F-11D3-BF4B-00C04F79EFBC}") = "Portal.Core", "Portal.Core\Portal.Core.csproj", "{7EA6CD80-9E08-4E4D-A0A0-1A9629D1470E}"
EndProject
Global
	GlobalSection(SolutionConfigurationPlatforms) = preSolution
		Debug|Any CPU = Debug|Any CPU
		Release|Any CPU = Release|Any CPU
	EndGlobalSection
	GlobalSection(ProjectConfigurationPlatforms) = postSolution
		{59BF9E47-E080-4B3D-9CCA-B424A67CEC87}.Debug|Any CPU.ActiveCfg = Debug|Any CPU
		{59BF9E47-E080-4B3D-9CCA-B424A67CEC87}.Debug|Any CPU.Build.0 = Debug|Any CPU
		{59BF9E47-E080-4B3D-9CCA-B424A67CEC87}.Release|Any CPU.ActiveCfg = Release|Any CPU
		{59BF9E47-E080-4B3D-9CCA-B424A67CEC87}.Release|Any CPU.Build.0 = Release|Any CPU
		{8E7D26A8-C628-40B3-B7F6-2788242B3BD3}.Debug|Any CPU.ActiveCfg = Debug|Any CPU
		{8E7D26A8-C628-40B3-B7F6-2788242B3BD3}.Debug|Any CPU.Build.0 = Debug|Any CPU
		{8E7D26A8-C628-40B3-B7F6-2788242B3BD3}.Release|Any CPU.ActiveCfg = Release|Any CPU
		{8E7D26A8-C628-40B3-B7F6-2788242B3BD3}.Release|Any CPU.Build.0 = Release|Any CPU
		{7E75E996-DDDE-4F91-9DB3-60A4B683E994}.Debug|Any CPU.ActiveCfg = Debug|Any CPU
		{7E75E996-DDDE-4F91-9DB3-60A4B683E994}.Debug|Any CPU.Build.0 = Debug|Any CPU
		{7E75E996-DDDE-4F91-9DB3-60A4B683E994}.Release|Any CPU.ActiveCfg = Release|Any CPU
		{7E75E996-DDDE-4F91-9DB3-60A4B683E994}.Release|Any CPU.Build.0 = Release|Any CPU
		{7EA6CD80-9E08-4E4D-A0A0-1A9629D1470E}.Debug|Any CPU.ActiveCfg = Debug|Any CPU
		{7EA6CD80-9E08-4E4D-A0A0-1A9629D1470E}.Debug|Any CPU.Build.0 = Debug|Any CPU
		{7EA6CD80-9E08-4E4D-A0A0-1A9629D1470E}.Release|Any CPU.ActiveCfg = Release|Any CPU
		{7EA6CD80-9E08-4E4D-A0A0-1A9629D1470E}.Release|Any CPU.Build.0 = Release|Any CPU
	EndGlobalSection
	GlobalSection(SolutionProperties) = preSolution
		HideSolutionNode = FALSE
	EndGlobalSection
EndGlobal
